
Microsoft Visual Studio Solution File, Format Version 12.00
# Visual Studio 15
VisualStudioVersion = 15.0.27428.2037
MinimumVisualStudioVersion = 10.0.40219.1
Project("{E24C65DC-7377-472B-9ABA-BC803B73C61A}") = "BarcodeScanner", "BarcodeScanner\", "{F6D3CEE4-4B51-49CA-B1E1-BCAC6B5F20DB}"
	ProjectSection(WebsiteProperties) = preProject
		TargetFrameworkMoniker = ".NETFramework,Version%3Dv4.6.1"
		Debug.AspNetCompiler.VirtualPath = "/localhost_52030"
		Debug.AspNetCompiler.PhysicalPath = "BarcodeScanner\"
		Debug.AspNetCompiler.TargetPath = "PrecompiledWeb\localhost_52030\"
		Debug.AspNetCompiler.Updateable = "true"
		Debug.AspNetCompiler.ForceOverwrite = "true"
		Debug.AspNetCompiler.FixedNames = "false"
		Debug.AspNetCompiler.Debug = "True"
		Release.AspNetCompiler.VirtualPath = "/localhost_52030"
		Release.AspNetCompiler.PhysicalPath = "BarcodeScanner\"
		Release.AspNetCompiler.TargetPath = "PrecompiledWeb\localhost_52030\"
		Release.AspNetCompiler.Updateable = "true"
		Release.AspNetCompiler.ForceOverwrite = "true"
		Release.AspNetCompiler.FixedNames = "false"
		Release.AspNetCompiler.Debug = "False"
		VWDPort = "52030"
		SlnRelativePath = "BarcodeScanner\"
		DefaultWebSiteLanguage = "Visual C#"
	EndProjectSection
EndProject
Global
	GlobalSection(SolutionConfigurationPlatforms) = preSolution
		Debug|Any CPU = Debug|Any CPU
	EndGlobalSection
	GlobalSection(ProjectConfigurationPlatforms) = postSolution
		{F6D3CEE4-4B51-49CA-B1E1-BCAC6B5F20DB}.Debug|Any CPU.ActiveCfg = Debug|Any CPU
		{F6D3CEE4-4B51-49CA-B1E1-BCAC6B5F20DB}.Debug|Any CPU.Build.0 = Debug|Any CPU
	EndGlobalSection
	GlobalSection(SolutionProperties) = preSolution
		HideSolutionNode = FALSE
	EndGlobalSection
	GlobalSection(ExtensibilityGlobals) = postSolution
		SolutionGuid = {B2D8D0B3-14B9-476F-87D2-054CDA8B61B1}
	EndGlobalSection
EndGlobal
